
Microsoft Visual Studio Solution File, Format Version 12.00
# Visual Studio 15
VisualStudioVersion = 15.0.26730.12
MinimumVisualStudioVersion = 10.0.40219.1
Project("{FAE04EC0-301F-11D3-BF4B-00C04F79EFBC}") = "FreddyTurbina", "FreddyTurbina\FreddyTurbina.csproj", "{2D42E327-32CD-440C-91ED-2D9B670AC20F}"
EndProject
Project("{2150E333-8FDC-42A3-9474-1A3956D46DE8}") = "Solution Items", "Solution Items", "{C4B42D7E-DE49-4798-8A08-A77AD2D8212A}"
EndProject
Project("{9A19103F-16F7-4668-BE54-9A1E7A4F7556}") = "BibliotecaPersonal", "BibliotecaPersonal\BibliotecaPersonal.csproj", "{86A5CB3E-3753-4923-B0EC-18CB06A5D41A}"
EndProject
Project("{FAE04EC0-301F-11D3-BF4B-00C04F79EFBC}") = "BibliotecaBicicletas", "BibliotecaBicicletas\BibliotecaBicicletas.csproj", "{7BF6ECAF-4795-4EA2-A5AD-43449B7BCB88}"
EndProject
Project("{FAE04EC0-301F-11D3-BF4B-00C04F79EFBC}") = "BibliotecaOfertas", "BibliotecaOfertas\BibliotecaOfertas.csproj", "{0C0C3DDA-9E3F-4429-A7AC-5D2B4B0B87BD}"
EndProject
Global
	GlobalSection(SolutionConfigurationPlatforms) = preSolution
		Debug|Any CPU = Debug|Any CPU
		Release|Any CPU = Release|Any CPU
	EndGlobalSection
	GlobalSection(ProjectConfigurationPlatforms) = postSolution
		{2D42E327-32CD-440C-91ED-2D9B670AC20F}.Debug|Any CPU.ActiveCfg = Debug|Any CPU
		{2D42E327-32CD-440C-91ED-2D9B670AC20F}.Debug|Any CPU.Build.0 = Debug|Any CPU
		{2D42E327-32CD-440C-91ED-2D9B670AC20F}.Release|Any CPU.ActiveCfg = Release|Any CPU
		{2D42E327-32CD-440C-91ED-2D9B670AC20F}.Release|Any CPU.Build.0 = Release|Any CPU
		{86A5CB3E-3753-4923-B0EC-18CB06A5D41A}.Debug|Any CPU.ActiveCfg = Debug|Any CPU
		{86A5CB3E-3753-4923-B0EC-18CB06A5D41A}.Debug|Any CPU.Build.0 = Debug|Any CPU
		{86A5CB3E-3753-4923-B0EC-18CB06A5D41A}.Release|Any CPU.ActiveCfg = Release|Any CPU
		{86A5CB3E-3753-4923-B0EC-18CB06A5D41A}.Release|Any CPU.Build.0 = Release|Any CPU
		{7BF6ECAF-4795-4EA2-A5AD-43449B7BCB88}.Debug|Any CPU.ActiveCfg = Debug|Any CPU
		{7BF6ECAF-4795-4EA2-A5AD-43449B7BCB88}.Debug|Any CPU.Build.0 = Debug|Any CPU
		{7BF6ECAF-4795-4EA2-A5AD-43449B7BCB88}.Release|Any CPU.ActiveCfg = Release|Any CPU
		{7BF6ECAF-4795-4EA2-A5AD-43449B7BCB88}.Release|Any CPU.Build.0 = Release|Any CPU
		{0C0C3DDA-9E3F-4429-A7AC-5D2B4B0B87BD}.Debug|Any CPU.ActiveCfg = Debug|Any CPU
		{0C0C3DDA-9E3F-4429-A7AC-5D2B4B0B87BD}.Debug|Any CPU.Build.0 = Debug|Any CPU
		{0C0C3DDA-9E3F-4429-A7AC-5D2B4B0B87BD}.Release|Any CPU.ActiveCfg = Release|Any CPU
		{0C0C3DDA-9E3F-4429-A7AC-5D2B4B0B87BD}.Release|Any CPU.Build.0 = Release|Any CPU
	EndGlobalSection
	GlobalSection(SolutionProperties) = preSolution
		HideSolutionNode = FALSE
	EndGlobalSection
	GlobalSection(ExtensibilityGlobals) = postSolution
		SolutionGuid = {F0E8BB10-733F-4B7E-9826-C99EEEA0970B}
	EndGlobalSection
EndGlobal
